
Microsoft Visual Studio Solution File, Format Version 12.00
# Visual Studio 14
VisualStudioVersion = 14.0.25123.0
MinimumVisualStudioVersion = 10.0.40219.1
Project("{2150E333-8FDC-42A3-9474-1A3956D46DE8}") = "src", "src", "{D53C3936-BBAA-49E3-AB9F-9CE04F041CD1}"
EndProject
Project("{2150E333-8FDC-42A3-9474-1A3956D46DE8}") = "Solution Items", "Solution Items", "{00ED8C56-0D7B-4DF8-B249-A5299A5B99BA}"
	ProjectSection(SolutionItems) = preProject
		global.json = global.json
	EndProjectSection
EndProject
Project("{2150E333-8FDC-42A3-9474-1A3956D46DE8}") = "sample", "sample", "{62800D4D-21EC-40EB-9C55-3F1DBD028186}"
EndProject
Project("{8BB2217D-0F2D-49D1-97BC-3654ED321F3B}") = "LoggerSample", "sample\LoggerSample\LoggerSample.xproj", "{35EA2428-0C2F-45BB-AB7D-A2A2196E1197}"
EndProject
Project("{8BB2217D-0F2D-49D1-97BC-3654ED321F3B}") = "Rinsen.Logger", "src\Rinsen.Logger\Rinsen.Logger.xproj", "{6BC63497-B83C-4456-B322-BB74EFA769F2}"
EndProject
Global
	GlobalSection(SolutionConfigurationPlatforms) = preSolution
		Debug|Any CPU = Debug|Any CPU
		Release|Any CPU = Release|Any CPU
	EndGlobalSection
	GlobalSection(ProjectConfigurationPlatforms) = postSolution
		{35EA2428-0C2F-45BB-AB7D-A2A2196E1197}.Debug|Any CPU.ActiveCfg = Debug|Any CPU
		{35EA2428-0C2F-45BB-AB7D-A2A2196E1197}.Debug|Any CPU.Build.0 = Debug|Any CPU
		{35EA2428-0C2F-45BB-AB7D-A2A2196E1197}.Release|Any CPU.ActiveCfg = Release|Any CPU
		{35EA2428-0C2F-45BB-AB7D-A2A2196E1197}.Release|Any CPU.Build.0 = Release|Any CPU
		{6BC63497-B83C-4456-B322-BB74EFA769F2}.Debug|Any CPU.ActiveCfg = Debug|Any CPU
		{6BC63497-B83C-4456-B322-BB74EFA769F2}.Debug|Any CPU.Build.0 = Debug|Any CPU
		{6BC63497-B83C-4456-B322-BB74EFA769F2}.Release|Any CPU.ActiveCfg = Release|Any CPU
		{6BC63497-B83C-4456-B322-BB74EFA769F2}.Release|Any CPU.Build.0 = Release|Any CPU
	EndGlobalSection
	GlobalSection(SolutionProperties) = preSolution
		HideSolutionNode = FALSE
	EndGlobalSection
	GlobalSection(NestedProjects) = preSolution
		{35EA2428-0C2F-45BB-AB7D-A2A2196E1197} = {62800D4D-21EC-40EB-9C55-3F1DBD028186}
		{6BC63497-B83C-4456-B322-BB74EFA769F2} = {D53C3936-BBAA-49E3-AB9F-9CE04F041CD1}
	EndGlobalSection
EndGlobal
